
Microsoft Visual Studio Solution File, Format Version 12.00
# Visual Studio Version 16
VisualStudioVersion = 16.0.31220.234
MinimumVisualStudioVersion = 10.0.40219.1
Project("{9A19103F-16F7-4668-BE54-9A1E7A4F7556}") = "PresenceLight.Maui", "PresenceLight.Maui\PresenceLight.Maui.csproj", "{0C5D5F73-EFAF-4857-ADB1-C9267CFA9BE3}"
EndProject
Project("{9A19103F-16F7-4668-BE54-9A1E7A4F7556}") = "PresenceLight.Maui.WinUI", "PresenceLight.Maui.WinUI\PresenceLight.Maui.WinUI.csproj", "{4042AB4B-B071-40EA-BF9F-EEF134C2A9E9}"
EndProject
Global
	GlobalSection(SolutionConfigurationPlatforms) = preSolution
		Debug|Any CPU = Debug|Any CPU
		Release|Any CPU = Release|Any CPU
	EndGlobalSection
	GlobalSection(ProjectConfigurationPlatforms) = postSolution
		{0C5D5F73-EFAF-4857-ADB1-C9267CFA9BE3}.Debug|Any CPU.ActiveCfg = Debug|Any CPU
		{0C5D5F73-EFAF-4857-ADB1-C9267CFA9BE3}.Debug|Any CPU.Build.0 = Debug|Any CPU
		{0C5D5F73-EFAF-4857-ADB1-C9267CFA9BE3}.Debug|Any CPU.Deploy.0 = Debug|Any CPU
		{0C5D5F73-EFAF-4857-ADB1-C9267CFA9BE3}.Release|Any CPU.ActiveCfg = Release|Any CPU
		{0C5D5F73-EFAF-4857-ADB1-C9267CFA9BE3}.Release|Any CPU.Build.0 = Release|Any CPU
		{0C5D5F73-EFAF-4857-ADB1-C9267CFA9BE3}.Release|Any CPU.Deploy.0 = Release|Any CPU
		{4042AB4B-B071-40EA-BF9F-EEF134C2A9E9}.Debug|Any CPU.ActiveCfg = Debug|Any CPU
		{4042AB4B-B071-40EA-BF9F-EEF134C2A9E9}.Debug|Any CPU.Build.0 = Debug|Any CPU
		{4042AB4B-B071-40EA-BF9F-EEF134C2A9E9}.Debug|Any CPU.Deploy.0 = Debug|Any CPU
		{4042AB4B-B071-40EA-BF9F-EEF134C2A9E9}.Release|Any CPU.ActiveCfg = Release|Any CPU
		{4042AB4B-B071-40EA-BF9F-EEF134C2A9E9}.Release|Any CPU.Build.0 = Release|Any CPU
		{4042AB4B-B071-40EA-BF9F-EEF134C2A9E9}.Release|Any CPU.Deploy.0 = Release|Any CPU
	EndGlobalSection
	GlobalSection(SolutionProperties) = preSolution
		HideSolutionNode = FALSE
	EndGlobalSection
	GlobalSection(ExtensibilityGlobals) = postSolution
		SolutionGuid = {61F7FB11-1E47-470C-91E2-47F8143E1572}
	EndGlobalSection
EndGlobal
