
Microsoft Visual Studio Solution File, Format Version 12.00
# Visual Studio Version 16
VisualStudioVersion = 16.0.29521.150
MinimumVisualStudioVersion = 10.0.40219.1
Project("{9A19103F-16F7-4668-BE54-9A1E7A4F7556}") = "PresenceLight.Console", "PresenceLight.Console\PresenceLight.Console.csproj", "{109D432D-1CDC-4764-8B9F-41B8B003D3BB}"
EndProject
Project("{FAE04EC0-301F-11D3-BF4B-00C04F79EFBC}") = "PresenceLight.Core", "PresenceLight.Core\PresenceLight.Core.csproj", "{4883809C-FF4B-4504-A85E-2503607E5B99}"
EndProject
Project("{FAE04EC0-301F-11D3-BF4B-00C04F79EFBC}") = "PresenceLight.Worker", "PresenceLight.Worker\PresenceLight.Worker.csproj", "{89336649-932D-4BAF-862E-5622345F2B5E}"
EndProject
Global
	GlobalSection(SolutionConfigurationPlatforms) = preSolution
		Debug|Any CPU = Debug|Any CPU
		Release|Any CPU = Release|Any CPU
	EndGlobalSection
	GlobalSection(ProjectConfigurationPlatforms) = postSolution
		{109D432D-1CDC-4764-8B9F-41B8B003D3BB}.Debug|Any CPU.ActiveCfg = Debug|Any CPU
		{109D432D-1CDC-4764-8B9F-41B8B003D3BB}.Debug|Any CPU.Build.0 = Debug|Any CPU
		{109D432D-1CDC-4764-8B9F-41B8B003D3BB}.Release|Any CPU.ActiveCfg = Release|Any CPU
		{109D432D-1CDC-4764-8B9F-41B8B003D3BB}.Release|Any CPU.Build.0 = Release|Any CPU
		{4883809C-FF4B-4504-A85E-2503607E5B99}.Debug|Any CPU.ActiveCfg = Debug|Any CPU
		{4883809C-FF4B-4504-A85E-2503607E5B99}.Debug|Any CPU.Build.0 = Debug|Any CPU
		{4883809C-FF4B-4504-A85E-2503607E5B99}.Release|Any CPU.ActiveCfg = Release|Any CPU
		{4883809C-FF4B-4504-A85E-2503607E5B99}.Release|Any CPU.Build.0 = Release|Any CPU
		{89336649-932D-4BAF-862E-5622345F2B5E}.Debug|Any CPU.ActiveCfg = Debug|Any CPU
		{89336649-932D-4BAF-862E-5622345F2B5E}.Debug|Any CPU.Build.0 = Debug|Any CPU
		{89336649-932D-4BAF-862E-5622345F2B5E}.Release|Any CPU.ActiveCfg = Release|Any CPU
		{89336649-932D-4BAF-862E-5622345F2B5E}.Release|Any CPU.Build.0 = Release|Any CPU
	EndGlobalSection
	GlobalSection(SolutionProperties) = preSolution
		HideSolutionNode = FALSE
	EndGlobalSection
	GlobalSection(ExtensibilityGlobals) = postSolution
		SolutionGuid = {8B89FF65-2B56-495E-8EA6-2B279DA440AE}
	EndGlobalSection
EndGlobal
